// !$*UTF8*$!
{
	archiveVersion = 1;
	classes = {
	};
	objectVersion = 50;
	objects = {

/* Begin PBXBuildFile section */
		21408E7423ACC87B0088E308 /* AppDelegate.swift in Sources */ = {isa = PBXBuildFile; fileRef = 21408E7323ACC87B0088E308 /* AppDelegate.swift */; };
		21408E7623ACC87B0088E308 /* SceneDelegate.swift in Sources */ = {isa = PBXBuildFile; fileRef = 21408E7523ACC87B0088E308 /* SceneDelegate.swift */; };
		21408E7B23ACC87B0088E308 /* Main.storyboard in Resources */ = {isa = PBXBuildFile; fileRef = 21408E7923ACC87B0088E308 /* Main.storyboard */; };
		21408E7D23ACC8840088E308 /* Assets.xcassets in Resources */ = {isa = PBXBuildFile; fileRef = 21408E7C23ACC8840088E308 /* Assets.xcassets */; };
		21408E8023ACC8840088E308 /* LaunchScreen.storyboard in Resources */ = {isa = PBXBuildFile; fileRef = 21408E7E23ACC8840088E308 /* LaunchScreen.storyboard */; };
		21408EA023ACCA140088E308 /* batsuSound.mp3 in Resources */ = {isa = PBXBuildFile; fileRef = 21408E9D23ACCA130088E308 /* batsuSound.mp3 */; };
		21408EA123ACCA140088E308 /* maruSound.mp3 in Resources */ = {isa = PBXBuildFile; fileRef = 21408E9E23ACCA140088E308 /* maruSound.mp3 */; };
		21408EA223ACCA140088E308 /* sound.mp3 in Resources */ = {isa = PBXBuildFile; fileRef = 21408E9F23ACCA140088E308 /* sound.mp3 */; };
		21408EA723ACCC020088E308 /* NextViewController.swift in Sources */ = {isa = PBXBuildFile; fileRef = 21408EA623ACCC020088E308 /* NextViewController.swift */; };
		21408EAB23ACCF0F0088E308 /* ViewController2.swift in Sources */ = {isa = PBXBuildFile; fileRef = 21408EAA23ACCF0F0088E308 /* ViewController2.swift */; };
		21408EAD23ACD1570088E308 /* imagesModel.swift in Sources */ = {isa = PBXBuildFile; fileRef = 21408EAC23ACD1570088E308 /* imagesModel.swift */; };
		21408EAF23ACD2990088E308 /* ImagesList.swift in Sources */ = {isa = PBXBuildFile; fileRef = 21408EAE23ACD2990088E308 /* ImagesList.swift */; };
		21408EF823AD11CA0088E308 /* SoundFile.swift in Sources */ = {isa = PBXBuildFile; fileRef = 21408EF723AD11CA0088E308 /* SoundFile.swift */; };
/* End PBXBuildFile section */

/* Begin PBXFileReference section */
		21408E7023ACC87B0088E308 /* QuestionApp1.app */ = {isa = PBXFileReference; explicitFileType = wrapper.application; includeInIndex = 0; path = QuestionApp1.app; sourceTree = BUILT_PRODUCTS_DIR; };
		21408E7323ACC87B0088E308 /* AppDelegate.swift */ = {isa = PBXFileReference; lastKnownFileType = sourcecode.swift; path = AppDelegate.swift; sourceTree = "<group>"; };
		21408E7523ACC87B0088E308 /* SceneDelegate.swift */ = {isa = PBXFileReference; lastKnownFileType = sourcecode.swift; path = SceneDelegate.swift; sourceTree = "<group>"; };
		21408E7A23ACC87B0088E308 /* Base */ = {isa = PBXFileReference; lastKnownFileType = file.storyboard; name = Base; path = Base.lproj/Main.storyboard; sourceTree = "<group>"; };
		21408E7C23ACC8840088E308 /* Assets.xcassets */ = {isa = PBXFileReference; lastKnownFileType = folder.assetcatalog; path = Assets.xcassets; sourceTree = "<group>"; };
		21408E7F23ACC8840088E308 /* Base */ = {isa = PBXFileReference; lastKnownFileType = file.storyboard; name = Base; path = Base.lproj/LaunchScreen.storyboard; sourceTree = "<group>"; };
		21408E8123ACC8840088E308 /* Info.plist */ = {isa = PBXFileReference; lastKnownFileType = text.plist.xml; path = Info.plist; sourceTree = "<group>"; };
		21408E9D23ACCA130088E308 /* batsuSound.mp3 */ = {isa = PBXFileReference; lastKnownFileType = audio.mp3; path = batsuSound.mp3; sourceTree = "<group>"; };
		21408E9E23ACCA140088E308 /* maruSound.mp3 */ = {isa = PBXFileReference; lastKnownFileType = audio.mp3; path = maruSound.mp3; sourceTree = "<group>"; };
		21408E9F23ACCA140088E308 /* sound.mp3 */ = {isa = PBXFileReference; lastKnownFileType = audio.mp3; path = sound.mp3; sourceTree = "<group>"; };
		21408EA623ACCC020088E308 /* NextViewController.swift */ = {isa = PBXFileReference; lastKnownFileType = sourcecode.swift; path = NextViewController.swift; sourceTree = "<group>"; };
		21408EAA23ACCF0F0088E308 /* ViewController2.swift */ = {isa = PBXFileReference; lastKnownFileType = sourcecode.swift; path = ViewController2.swift; sourceTree = "<group>"; };
		21408EAC23ACD1570088E308 /* imagesModel.swift */ = {isa = PBXFileReference; lastKnownFileType = sourcecode.swift; path = imagesModel.swift; sourceTree = "<group>"; };
		21408EAE23ACD2990088E308 /* ImagesList.swift */ = {isa = PBXFileReference; lastKnownFileType = sourcecode.swift; path = ImagesList.swift; sourceTree = "<group>"; };
		21408EF723AD11CA0088E308 /* SoundFile.swift */ = {isa = PBXFileReference; lastKnownFileType = sourcecode.swift; path = SoundFile.swift; sourceTree = "<group>"; };
/* End PBXFileReference section */

/* Begin PBXFrameworksBuildPhase section */
		21408E6D23ACC87B0088E308 /* Frameworks */ = {
			isa = PBXFrameworksBuildPhase;
			buildActionMask = 2147483647;
			files = (
			);
			runOnlyForDeploymentPostprocessing = 0;
		};
/* End PBXFrameworksBuildPhase section */

/* Begin PBXGroup section */
		21408E6723ACC87B0088E308 = {
			isa = PBXGroup;
			children = (
				21408E7223ACC87B0088E308 /* QuestionApp1 */,
				21408E7123ACC87B0088E308 /* Products */,
			);
			sourceTree = "<group>";
		};
		21408E7123ACC87B0088E308 /* Products */ = {
			isa = PBXGroup;
			children = (
				21408E7023ACC87B0088E308 /* QuestionApp1.app */,
			);
			name = Products;
			sourceTree = "<group>";
		};
		21408E7223ACC87B0088E308 /* QuestionApp1 */ = {
			isa = PBXGroup;
			children = (
				21408EA323ACCAB40088E308 /* Model */,
				21408EA423ACCAC00088E308 /* View */,
				21408EA523ACCACB0088E308 /* Controller */,
				21408E7E23ACC8840088E308 /* LaunchScreen.storyboard */,
				21408E9D23ACCA130088E308 /* batsuSound.mp3 */,
				21408E9E23ACCA140088E308 /* maruSound.mp3 */,
				21408E9F23ACCA140088E308 /* sound.mp3 */,
				21408E8123ACC8840088E308 /* Info.plist */,
			);
			path = QuestionApp1;
			sourceTree = "<group>";
		};
		21408EA323ACCAB40088E308 /* Model */ = {
			isa = PBXGroup;
			children = (
				21408EAC23ACD1570088E308 /* imagesModel.swift */,
				21408EAE23ACD2990088E308 /* ImagesList.swift */,
				21408EF723AD11CA0088E308 /* SoundFile.swift */,
			);
			path = Model;
			sourceTree = "<group>";
		};
		21408EA423ACCAC00088E308 /* View */ = {
			isa = PBXGroup;
			children = (
				21408E7923ACC87B0088E308 /* Main.storyboard */,
				21408E7C23ACC8840088E308 /* Assets.xcassets */,
			);
			path = View;
			sourceTree = "<group>";
		};
		21408EA523ACCACB0088E308 /* Controller */ = {
			isa = PBXGroup;
			children = (
				21408E7323ACC87B0088E308 /* AppDelegate.swift */,
				21408E7523ACC87B0088E308 /* SceneDelegate.swift */,
				21408EAA23ACCF0F0088E308 /* ViewController2.swift */,
				21408EA623ACCC020088E308 /* NextViewController.swift */,
			);
			path = Controller;
			sourceTree = "<group>";
		};
/* End PBXGroup section */

/* Begin PBXNativeTarget section */
		21408E6F23ACC87B0088E308 /* QuestionApp1 */ = {
			isa = PBXNativeTarget;
			buildConfigurationList = 21408E8423ACC8840088E308 /* Build configuration list for PBXNativeTarget "QuestionApp1" */;
			buildPhases = (
				21408E6C23ACC87B0088E308 /* Sources */,
				21408E6D23ACC87B0088E308 /* Frameworks */,
				21408E6E23ACC87B0088E308 /* Resources */,
			);
			buildRules = (
			);
			dependencies = (
			);
			name = QuestionApp1;
			productName = QuestionApp1;
			productReference = 21408E7023ACC87B0088E308 /* QuestionApp1.app */;
			productType = "com.apple.product-type.application";
		};
/* End PBXNativeTarget section */

/* Begin PBXProject section */
		21408E6823ACC87B0088E308 /* Project object */ = {
			isa = PBXProject;
			attributes = {
				LastSwiftUpdateCheck = 1130;
				LastUpgradeCheck = 1320;
				ORGANIZATIONNAME = "石田竜宇";
				TargetAttributes = {
					21408E6F23ACC87B0088E308 = {
						CreatedOnToolsVersion = 11.3;
					};
				};
			};
			buildConfigurationList = 21408E6B23ACC87B0088E308 /* Build configuration list for PBXProject "QuestionApp1" */;
			compatibilityVersion = "Xcode 9.3";
			developmentRegion = en;
			hasScannedForEncodings = 0;
			knownRegions = (
				en,
				Base,
			);
			mainGroup = 21408E6723ACC87B0088E308;
			productRefGroup = 21408E7123ACC87B0088E308 /* Products */;
			projectDirPath = "";
			projectRoot = "";
			targets = (
				21408E6F23ACC87B0088E308 /* QuestionApp1 */,
			);
		};
/* End PBXProject section */

/* Begin PBXResourcesBuildPhase section */
		21408E6E23ACC87B0088E308 /* Resources */ = {
			isa = PBXResourcesBuildPhase;
			buildActionMask = 2147483647;
			files = (
				21408EA023ACCA140088E308 /* batsuSound.mp3 in Resources */,
				21408EA123ACCA140088E308 /* maruSound.mp3 in Resources */,
				21408E8023ACC8840088E308 /* LaunchScreen.storyboard in Resources */,
				21408E7D23ACC8840088E308 /* Assets.xcassets in Resources */,
				21408EA223ACCA140088E308 /* sound.mp3 in Resources */,
				21408E7B23ACC87B0088E308 /* Main.storyboard in Resources */,
			);
			runOnlyForDeploymentPostprocessing = 0;
		};
/* End PBXResourcesBuildPhase section */

/* Begin PBXSourcesBuildPhase section */
		21408E6C23ACC87B0088E308 /* Sources */ = {
			isa = PBXSourcesBuildPhase;
			buildActionMask = 2147483647;
			files = (
				21408EAB23ACCF0F0088E308 /* ViewController2.swift in Sources */,
				21408EF823AD11CA0088E308 /* SoundFile.swift in Sources */,
				21408EA723ACCC020088E308 /* NextViewController.swift in Sources */,
				21408E7423ACC87B0088E308 /* AppDelegate.swift in Sources */,
				21408E7623ACC87B0088E308 /* SceneDelegate.swift in Sources */,
				21408EAD23ACD1570088E308 /* imagesModel.swift in Sources */,
				21408EAF23ACD2990088E308 /* ImagesList.swift in Sources */,
			);
			runOnlyForDeploymentPostprocessing = 0;
		};
/* End PBXSourcesBuildPhase section */

/* Begin PBXVariantGroup section */
		21408E7923ACC87B0088E308 /* Main.storyboard */ = {
			isa = PBXVariantGroup;
			children = (
				21408E7A23ACC87B0088E308 /* Base */,
			);
			name = Main.storyboard;
			sourceTree = "<group>";
		};
		21408E7E23ACC8840088E308 /* LaunchScreen.storyboard */ = {
			isa = PBXVariantGroup;
			children = (
				21408E7F23ACC8840088E308 /* Base */,
			);
			name = LaunchScreen.storyboard;
			sourceTree = "<group>";
		};
/* End PBXVariantGroup section */

/* Begin XCBuildConfiguration section */
		21408E8223ACC8840088E308 /* Debug */ = {
			isa = XCBuildConfiguration;
			buildSettings = {
				ALWAYS_SEARCH_USER_PATHS = NO;
				CLANG_ANALYZER_NONNULL = YES;
				CLANG_ANALYZER_NUMBER_OBJECT_CONVERSION = YES_AGGRESSIVE;
				CLANG_CXX_LANGUAGE_STANDARD = "gnu++14";
				CLANG_CXX_LIBRARY = "libc++";
				CLANG_ENABLE_MODULES = YES;
				CLANG_ENABLE_OBJC_ARC = YES;
				CLANG_ENABLE_OBJC_WEAK = YES;
				CLANG_WARN_BLOCK_CAPTURE_AUTORELEASING = YES;
				CLANG_WARN_BOOL_CONVERSION = YES;
				CLANG_WARN_COMMA = YES;
				CLANG_WARN_CONSTANT_CONVERSION = YES;
				CLANG_WARN_DEPRECATED_OBJC_IMPLEMENTATIONS = YES;
				CLANG_WARN_DIRECT_OBJC_ISA_USAGE = YES_ERROR;
				CLANG_WARN_DOCUMENTATION_COMMENTS = YES;
				CLANG_WARN_EMPTY_BODY = YES;
				CLANG_WARN_ENUM_CONVERSION = YES;
				CLANG_WARN_INFINITE_RECURSION = YES;
				CLANG_WARN_INT_CONVERSION = YES;
				CLANG_WARN_NON_LITERAL_NULL_CONVERSION = YES;
				CLANG_WARN_OBJC_IMPLICIT_RETAIN_SELF = YES;
				CLANG_WARN_OBJC_LITERAL_CONVERSION = YES;
				CLANG_WARN_OBJC_ROOT_CLASS = YES_ERROR;
				CLANG_WARN_QUOTED_INCLUDE_IN_FRAMEWORK_HEADER = YES;
				CLANG_WARN_RANGE_LOOP_ANALYSIS = YES;
				CLANG_WARN_STRICT_PROTOTYPES = YES;
				CLANG_WARN_SUSPICIOUS_MOVE = YES;
				CLANG_WARN_UNGUARDED_AVAILABILITY = YES_AGGRESSIVE;
				CLANG_WARN_UNREACHABLE_CODE = YES;
				CLANG_WARN__DUPLICATE_METHOD_MATCH = YES;
				COPY_PHASE_STRIP = NO;
				DEBUG_INFORMATION_FORMAT = dwarf;
				ENABLE_STRICT_OBJC_MSGSEND = YES;
				ENABLE_TESTABILITY = YES;
				GCC_C_LANGUAGE_STANDARD = gnu11;
				GCC_DYNAMIC_NO_PIC = NO;
				GCC_NO_COMMON_BLOCKS = YES;
				GCC_OPTIMIZATION_LEVEL = 0;
				GCC_PREPROCESSOR_DEFINITIONS = (
					"DEBUG=1",
					"$(inherited)",
				);
				GCC_WARN_64_TO_32_BIT_CONVERSION = YES;
				GCC_WARN_ABOUT_RETURN_TYPE = YES_ERROR;
				GCC_WARN_UNDECLARED_SELECTOR = YES;
				GCC_WARN_UNINITIALIZED_AUTOS = YES_AGGRESSIVE;
				GCC_WARN_UNUSED_FUNCTION = YES;
				GCC_WARN_UNUSED_VARIABLE = YES;
				IPHONEOS_DEPLOYMENT_TARGET = 13.2;
				MTL_ENABLE_DEBUG_INFO = INCLUDE_SOURCE;
				MTL_FAST_MATH = YES;
				ONLY_ACTIVE_ARCH = YES;
				SDKROOT = iphoneos;
				SWIFT_ACTIVE_COMPILATION_CONDITIONS = DEBUG;
				SWIFT_OPTIMIZATION_LEVEL = "-Onone";
			};
			name = Debug;
		};
		21408E8323ACC8840088E308 /* Release */ = {
			isa = XCBuildConfiguration;
			buildSettings = {
				ALWAYS_SEARCH_USER_PATHS = NO;
				CLANG_ANALYZER_NONNULL = YES;
				CLANG_ANALYZER_NUMBER_OBJECT_CONVERSION = YES_AGGRESSIVE;
				CLANG_CXX_LANGUAGE_STANDARD = "gnu++14";
				CLANG_CXX_LIBRARY = "libc++";
				CLANG_ENABLE_MODULES = YES;
				CLANG_ENABLE_OBJC_ARC = YES;
				CLANG_ENABLE_OBJC_WEAK = YES;
				CLANG_WARN_BLOCK_CAPTURE_AUTORELEASING = YES;
				CLANG_WARN_BOOL_CONVERSION = YES;
				CLANG_WARN_COMMA = YES;
				CLANG_WARN_CONSTANT_CONVERSION = YES;
				CLANG_WARN_DEPRECATED_OBJC_IMPLEMENTATIONS = YES;
				CLANG_WARN_DIRECT_OBJC_ISA_USAGE = YES_ERROR;
				CLANG_WARN_DOCUMENTATION_COMMENTS = YES;
				CLANG_WARN_EMPTY_BODY = YES;
				CLANG_WARN_ENUM_CONVERSION = YES;
				CLANG_WARN_INFINITE_RECURSION = YES;
				CLANG_WARN_INT_CONVERSION = YES;
				CLANG_WARN_NON_LITERAL_NULL_CONVERSION = YES;
				CLANG_WARN_OBJC_IMPLICIT_RETAIN_SELF = YES;
				CLANG_WARN_OBJC_LITERAL_CONVERSION = YES;
				CLANG_WARN_OBJC_ROOT_CLASS = YES_ERROR;
				CLANG_WARN_QUOTED_INCLUDE_IN_FRAMEWORK_HEADER = YES;
				CLANG_WARN_RANGE_LOOP_ANALYSIS = YES;
				CLANG_WARN_STRICT_PROTOTYPES = YES;
				CLANG_WARN_SUSPICIOUS_MOVE = YES;
				CLANG_WARN_UNGUARDED_AVAILABILITY = YES_AGGRESSIVE;
				CLANG_WARN_UNREACHABLE_CODE = YES;
				CLANG_WARN__DUPLICATE_METHOD_MATCH = YES;
				COPY_PHASE_STRIP = NO;
				DEBUG_INFORMATION_FORMAT = "dwarf-with-dsym";
				ENABLE_NS_ASSERTIONS = NO;
				ENABLE_STRICT_OBJC_MSGSEND = YES;
				GCC_C_LANGUAGE_STANDARD = gnu11;
				GCC_NO_COMMON_BLOCKS = YES;
				GCC_WARN_64_TO_32_BIT_CONVERSION = YES;
				GCC_WARN_ABOUT_RETURN_TYPE = YES_ERROR;
				GCC_WARN_UNDECLARED_SELECTOR = YES;
				GCC_WARN_UNINITIALIZED_AUTOS = YES_AGGRESSIVE;
				GCC_WARN_UNUSED_FUNCTION = YES;
				GCC_WARN_UNUSED_VARIABLE = YES;
				IPHONEOS_DEPLOYMENT_TARGET = 13.2;
				MTL_ENABLE_DEBUG_INFO = NO;
				MTL_FAST_MATH = YES;
				SDKROOT = iphoneos;
				SWIFT_COMPILATION_MODE = wholemodule;
				SWIFT_OPTIMIZATION_LEVEL = "-O";
				VALIDATE_PRODUCT = YES;
			};
			name = Release;
		};
		21408E8523ACC8840088E308 /* Debug */ = {
			isa = XCBuildConfiguration;
			buildSettings = {
				ASSETCATALOG_COMPILER_APPICON_NAME = AppIcon;
				CODE_SIGN_STYLE = Automatic;
				DEVELOPMENT_TEAM = YUDJ9NBJ86;
				INFOPLIST_FILE = QuestionApp1/Info.plist;
				LD_RUNPATH_SEARCH_PATHS = (
					"$(inherited)",
					"@executable_path/Frameworks",
				);
				PRODUCT_BUNDLE_IDENTIFIER = com.test1.QuestionApp1;
				PRODUCT_NAME = "$(TARGET_NAME)";
				SWIFT_VERSION = 5.0;
				TARGETED_DEVICE_FAMILY = "1,2";
			};
			name = Debug;
		};
		21408E8623ACC8840088E308 /* Release */ = {
			isa = XCBuildConfiguration;
			buildSettings = {
				ASSETCATALOG_COMPILER_APPICON_NAME = AppIcon;
				CODE_SIGN_STYLE = Automatic;
				DEVELOPMENT_TEAM = YUDJ9NBJ86;
				INFOPLIST_FILE = QuestionApp1/Info.plist;
				LD_RUNPATH_SEARCH_PATHS = (
					"$(inherited)",
					"@executable_path/Frameworks",
				);
				PRODUCT_BUNDLE_IDENTIFIER = com.test1.QuestionApp1;
				PRODUCT_NAME = "$(TARGET_NAME)";
				SWIFT_VERSION = 5.0;
				TARGETED_DEVICE_FAMILY = "1,2";
			};
			name = Release;
		};
/* End XCBuildConfiguration section */

/* Begin XCConfigurationList section */
		21408E6B23ACC87B0088E308 /* Build configuration list for PBXProject "QuestionApp1" */ = {
			isa = XCConfigurationList;
			buildConfigurations = (
				21408E8223ACC8840088E308 /* Debug */,
				21408E8323ACC8840088E308 /* Release */,
			);
			defaultConfigurationIsVisible = 0;
			defaultConfigurationName = Release;
		};
		21408E8423ACC8840088E308 /* Build configuration list for PBXNativeTarget "QuestionApp1" */ = {
			isa = XCConfigurationList;
			buildConfigurations = (
				21408E8523ACC8840088E308 /* Debug */,
				21408E8623ACC8840088E308 /* Release */,
			);
			defaultConfigurationIsVisible = 0;
			defaultConfigurationName = Release;
		};
/* End XCConfigurationList section */
	};
	rootObject = 21408E6823ACC87B0088E308 /* Project object */;
}
